// !$*UTF8*$!
{
	archiveVersion = 1;
	classes = {
	};
	objectVersion = 55;
	objects = {

/* Begin PBXBuildFile section */
		E32B81392769840200BB6667 /* AppDelegate.m in Sources */ = {isa = PBXBuildFile; fileRef = E32B81382769840200BB6667 /* AppDelegate.m */; };
		E32B813C2769840200BB6667 /* SceneDelegate.m in Sources */ = {isa = PBXBuildFile; fileRef = E32B813B2769840200BB6667 /* SceneDelegate.m */; };
		E32B813F2769840200BB6667 /* ViewController.m in Sources */ = {isa = PBXBuildFile; fileRef = E32B813E2769840200BB6667 /* ViewController.m */; };
		E32B81422769840200BB6667 /* Main.storyboard in Resources */ = {isa = PBXBuildFile; fileRef = E32B81402769840200BB6667 /* Main.storyboard */; };
		E32B81442769840700BB6667 /* Assets.xcassets in Resources */ = {isa = PBXBuildFile; fileRef = E32B81432769840700BB6667 /* Assets.xcassets */; };
		E32B81472769840700BB6667 /* LaunchScreen.storyboard in Resources */ = {isa = PBXBuildFile; fileRef = E32B81452769840700BB6667 /* LaunchScreen.storyboard */; };
		E32B814A2769840700BB6667 /* main.m in Sources */ = {isa = PBXBuildFile; fileRef = E32B81492769840700BB6667 /* main.m */; };
		E32B81612769852600BB6667 /* sdkAutoTests.mm in Sources */ = {isa = PBXBuildFile; fileRef = E32B81602769852600BB6667 /* sdkAutoTests.mm */; };
		E32B8178277062FD00BB6667 /* libsdkTest.a in Frameworks */ = {isa = PBXBuildFile; fileRef = E32B8175277062FD00BB6667 /* libsdkTest.a */; };
		E32B81792770686A00BB6667 /* libsdkTest.a in Frameworks */ = {isa = PBXBuildFile; fileRef = E32B8175277062FD00BB6667 /* libsdkTest.a */; };
/* End PBXBuildFile section */

/* Begin PBXContainerItemProxy section */
		E32B81622769852600BB6667 /* PBXContainerItemProxy */ = {
			isa = PBXContainerItemProxy;
			containerPortal = E32B812C2769840200BB6667 /* Project object */;
			proxyType = 1;
			remoteGlobalIDString = E32B81332769840200BB6667;
			remoteInfo = sdkAutoTest;
		};
/* End PBXContainerItemProxy section */

/* Begin PBXFileReference section */
		E32B81342769840200BB6667 /* sdkAutoTest.app */ = {isa = PBXFileReference; explicitFileType = wrapper.application; includeInIndex = 0; path = sdkAutoTest.app; sourceTree = BUILT_PRODUCTS_DIR; };
		E32B81372769840200BB6667 /* AppDelegate.h */ = {isa = PBXFileReference; lastKnownFileType = sourcecode.c.h; path = AppDelegate.h; sourceTree = "<group>"; };
		E32B81382769840200BB6667 /* AppDelegate.m */ = {isa = PBXFileReference; lastKnownFileType = sourcecode.c.objc; path = AppDelegate.m; sourceTree = "<group>"; };
		E32B813A2769840200BB6667 /* SceneDelegate.h */ = {isa = PBXFileReference; lastKnownFileType = sourcecode.c.h; path = SceneDelegate.h; sourceTree = "<group>"; };
		E32B813B2769840200BB6667 /* SceneDelegate.m */ = {isa = PBXFileReference; lastKnownFileType = sourcecode.c.objc; path = SceneDelegate.m; sourceTree = "<group>"; };
		E32B813D2769840200BB6667 /* ViewController.h */ = {isa = PBXFileReference; lastKnownFileType = sourcecode.c.h; path = ViewController.h; sourceTree = "<group>"; };
		E32B813E2769840200BB6667 /* ViewController.m */ = {isa = PBXFileReference; lastKnownFileType = sourcecode.c.objc; path = ViewController.m; sourceTree = "<group>"; };
		E32B81412769840200BB6667 /* Base */ = {isa = PBXFileReference; lastKnownFileType = file.storyboard; name = Base; path = Base.lproj/Main.storyboard; sourceTree = "<group>"; };
		E32B81432769840700BB6667 /* Assets.xcassets */ = {isa = PBXFileReference; lastKnownFileType = folder.assetcatalog; path = Assets.xcassets; sourceTree = "<group>"; };
		E32B81462769840700BB6667 /* Base */ = {isa = PBXFileReference; lastKnownFileType = file.storyboard; name = Base; path = Base.lproj/LaunchScreen.storyboard; sourceTree = "<group>"; };
		E32B81482769840700BB6667 /* Info.plist */ = {isa = PBXFileReference; lastKnownFileType = text.plist.xml; path = Info.plist; sourceTree = "<group>"; };
		E32B81492769840700BB6667 /* main.m */ = {isa = PBXFileReference; lastKnownFileType = sourcecode.c.objc; path = main.m; sourceTree = "<group>"; };
		E32B815E2769852600BB6667 /* sdkAutoTests.xctest */ = {isa = PBXFileReference; explicitFileType = wrapper.cfbundle; includeInIndex = 0; path = sdkAutoTests.xctest; sourceTree = BUILT_PRODUCTS_DIR; };
		E32B81602769852600BB6667 /* sdkAutoTests.mm */ = {isa = PBXFileReference; lastKnownFileType = sourcecode.cpp.objcpp; path = sdkAutoTests.mm; sourceTree = "<group>"; };
		E32B8175277062FD00BB6667 /* libsdkTest.a */ = {isa = PBXFileReference; lastKnownFileType = archive.ar; path = libsdkTest.a; sourceTree = "<group>"; };
		E32B8177277062FD00BB6667 /* VersionStamp.h */ = {isa = PBXFileReference; fileEncoding = 4; lastKnownFileType = sourcecode.c.h; path = VersionStamp.h; sourceTree = "<group>"; };
/* End PBXFileReference section */

/* Begin PBXFrameworksBuildPhase section */
		E32B81312769840200BB6667 /* Frameworks */ = {
			isa = PBXFrameworksBuildPhase;
			buildActionMask = 2147483647;
			files = (
				E32B8178277062FD00BB6667 /* libsdkTest.a in Frameworks */,
			);
			runOnlyForDeploymentPostprocessing = 0;
		};
		E32B815B2769852600BB6667 /* Frameworks */ = {
			isa = PBXFrameworksBuildPhase;
			buildActionMask = 2147483647;
			files = (
				E32B81792770686A00BB6667 /* libsdkTest.a in Frameworks */,
			);
			runOnlyForDeploymentPostprocessing = 0;
		};
/* End PBXFrameworksBuildPhase section */

/* Begin PBXGroup section */
		E32B812B2769840200BB6667 = {
			isa = PBXGroup;
			children = (
				E32B81362769840200BB6667 /* sdkAutoTest */,
				E32B815F2769852600BB6667 /* sdkAutoTests */,
				E32B81352769840200BB6667 /* Products */,
			);
			sourceTree = "<group>";
		};
		E32B81352769840200BB6667 /* Products */ = {
			isa = PBXGroup;
			children = (
				E32B81342769840200BB6667 /* sdkAutoTest.app */,
				E32B815E2769852600BB6667 /* sdkAutoTests.xctest */,
			);
			name = Products;
			sourceTree = "<group>";
		};
		E32B81362769840200BB6667 /* sdkAutoTest */ = {
			isa = PBXGroup;
			children = (
				E32B8176277062FD00BB6667 /* Include */,
				E32B8174277062FD00BB6667 /* Lib */,
				E32B81372769840200BB6667 /* AppDelegate.h */,
				E32B81382769840200BB6667 /* AppDelegate.m */,
				E32B813A2769840200BB6667 /* SceneDelegate.h */,
				E32B813B2769840200BB6667 /* SceneDelegate.m */,
				E32B813D2769840200BB6667 /* ViewController.h */,
				E32B813E2769840200BB6667 /* ViewController.m */,
				E32B81402769840200BB6667 /* Main.storyboard */,
				E32B81432769840700BB6667 /* Assets.xcassets */,
				E32B81452769840700BB6667 /* LaunchScreen.storyboard */,
				E32B81482769840700BB6667 /* Info.plist */,
				E32B81492769840700BB6667 /* main.m */,
			);
			path = sdkAutoTest;
			sourceTree = "<group>";
		};
		E32B815F2769852600BB6667 /* sdkAutoTests */ = {
			isa = PBXGroup;
			children = (
				E32B81602769852600BB6667 /* sdkAutoTests.mm */,
			);
			path = sdkAutoTests;
			sourceTree = "<group>";
		};
		E32B8174277062FD00BB6667 /* Lib */ = {
			isa = PBXGroup;
			children = (
				E32B8175277062FD00BB6667 /* libsdkTest.a */,
			);
			path = Lib;
			sourceTree = "<group>";
		};
		E32B8176277062FD00BB6667 /* Include */ = {
			isa = PBXGroup;
			children = (
				E32B8177277062FD00BB6667 /* VersionStamp.h */,
			);
			path = Include;
			sourceTree = "<group>";
		};
/* End PBXGroup section */

/* Begin PBXNativeTarget section */
		E32B81332769840200BB6667 /* sdkAutoTest */ = {
			isa = PBXNativeTarget;
			buildConfigurationList = E32B814D2769840700BB6667 /* Build configuration list for PBXNativeTarget "sdkAutoTest" */;
			buildPhases = (
				E32B81302769840200BB6667 /* Sources */,
				E32B81312769840200BB6667 /* Frameworks */,
				E32B81322769840200BB6667 /* Resources */,
			);
			buildRules = (
			);
			dependencies = (
			);
			name = sdkAutoTest;
			productName = sdkAutoTest;
			productReference = E32B81342769840200BB6667 /* sdkAutoTest.app */;
			productType = "com.apple.product-type.application";
		};
		E32B815D2769852600BB6667 /* sdkAutoTests */ = {
			isa = PBXNativeTarget;
			buildConfigurationList = E32B81642769852600BB6667 /* Build configuration list for PBXNativeTarget "sdkAutoTests" */;
			buildPhases = (
				E32B815A2769852600BB6667 /* Sources */,
				E32B815B2769852600BB6667 /* Frameworks */,
				E32B815C2769852600BB6667 /* Resources */,
			);
			buildRules = (
			);
			dependencies = (
				E32B81632769852600BB6667 /* PBXTargetDependency */,
			);
			name = sdkAutoTests;
			productName = sdkAutoTests;
			productReference = E32B815E2769852600BB6667 /* sdkAutoTests.xctest */;
			productType = "com.apple.product-type.bundle.unit-test";
		};
/* End PBXNativeTarget section */

/* Begin PBXProject section */
		E32B812C2769840200BB6667 /* Project object */ = {
			isa = PBXProject;
			attributes = {
				BuildIndependentTargetsInParallel = 1;
				LastUpgradeCheck = 1310;
				TargetAttributes = {
					E32B81332769840200BB6667 = {
						CreatedOnToolsVersion = 13.1;
					};
					E32B815D2769852600BB6667 = {
						CreatedOnToolsVersion = 13.1;
						TestTargetID = E32B81332769840200BB6667;
					};
				};
			};
			buildConfigurationList = E32B812F2769840200BB6667 /* Build configuration list for PBXProject "sdkAutoTest" */;
			compatibilityVersion = "Xcode 13.0";
			developmentRegion = en;
			hasScannedForEncodings = 0;
			knownRegions = (
				en,
				Base,
			);
			mainGroup = E32B812B2769840200BB6667;
			productRefGroup = E32B81352769840200BB6667 /* Products */;
			projectDirPath = "";
			projectRoot = "";
			targets = (
				E32B81332769840200BB6667 /* sdkAutoTest */,
				E32B815D2769852600BB6667 /* sdkAutoTests */,
			);
		};
/* End PBXProject section */

/* Begin PBXResourcesBuildPhase section */
		E32B81322769840200BB6667 /* Resources */ = {
			isa = PBXResourcesBuildPhase;
			buildActionMask = 2147483647;
			files = (
				E32B81472769840700BB6667 /* LaunchScreen.storyboard in Resources */,
				E32B81442769840700BB6667 /* Assets.xcassets in Resources */,
				E32B81422769840200BB6667 /* Main.storyboard in Resources */,
			);
			runOnlyForDeploymentPostprocessing = 0;
		};
		E32B815C2769852600BB6667 /* Resources */ = {
			isa = PBXResourcesBuildPhase;
			buildActionMask = 2147483647;
			files = (
			);
			runOnlyForDeploymentPostprocessing = 0;
		};
/* End PBXResourcesBuildPhase section */

/* Begin PBXSourcesBuildPhase section */
		E32B81302769840200BB6667 /* Sources */ = {
			isa = PBXSourcesBuildPhase;
			buildActionMask = 2147483647;
			files = (
				E32B813F2769840200BB6667 /* ViewController.m in Sources */,
				E32B81392769840200BB6667 /* AppDelegate.m in Sources */,
				E32B814A2769840700BB6667 /* main.m in Sources */,
				E32B813C2769840200BB6667 /* SceneDelegate.m in Sources */,
			);
			runOnlyForDeploymentPostprocessing = 0;
		};
		E32B815A2769852600BB6667 /* Sources */ = {
			isa = PBXSourcesBuildPhase;
			buildActionMask = 2147483647;
			files = (
				E32B81612769852600BB6667 /* sdkAutoTests.mm in Sources */,
			);
			runOnlyForDeploymentPostprocessing = 0;
		};
/* End PBXSourcesBuildPhase section */

/* Begin PBXTargetDependency section */
		E32B81632769852600BB6667 /* PBXTargetDependency */ = {
			isa = PBXTargetDependency;
			target = E32B81332769840200BB6667 /* sdkAutoTest */;
			targetProxy = E32B81622769852600BB6667 /* PBXContainerItemProxy */;
		};
/* End PBXTargetDependency section */

/* Begin PBXVariantGroup section */
		E32B81402769840200BB6667 /* Main.storyboard */ = {
			isa = PBXVariantGroup;
			children = (
				E32B81412769840200BB6667 /* Base */,
			);
			name = Main.storyboard;
			sourceTree = "<group>";
		};
		E32B81452769840700BB6667 /* LaunchScreen.storyboard */ = {
			isa = PBXVariantGroup;
			children = (
				E32B81462769840700BB6667 /* Base */,
			);
			name = LaunchScreen.storyboard;
			sourceTree = "<group>";
		};
/* End PBXVariantGroup section */

/* Begin XCBuildConfiguration section */
		E32B814B2769840700BB6667 /* Debug */ = {
			isa = XCBuildConfiguration;
			buildSettings = {
				ALWAYS_SEARCH_USER_PATHS = NO;
				CLANG_ANALYZER_NONNULL = YES;
				CLANG_ANALYZER_NUMBER_OBJECT_CONVERSION = YES_AGGRESSIVE;
				CLANG_CXX_LANGUAGE_STANDARD = "gnu++17";
				CLANG_CXX_LIBRARY = "libc++";
				CLANG_ENABLE_MODULES = YES;
				CLANG_ENABLE_OBJC_ARC = YES;
				CLANG_ENABLE_OBJC_WEAK = YES;
				CLANG_WARN_BLOCK_CAPTURE_AUTORELEASING = YES;
				CLANG_WARN_BOOL_CONVERSION = YES;
				CLANG_WARN_COMMA = YES;
				CLANG_WARN_CONSTANT_CONVERSION = YES;
				CLANG_WARN_DEPRECATED_OBJC_IMPLEMENTATIONS = YES;
				CLANG_WARN_DIRECT_OBJC_ISA_USAGE = YES_ERROR;
				CLANG_WARN_DOCUMENTATION_COMMENTS = YES;
				CLANG_WARN_EMPTY_BODY = YES;
				CLANG_WARN_ENUM_CONVERSION = YES;
				CLANG_WARN_INFINITE_RECURSION = YES;
				CLANG_WARN_INT_CONVERSION = YES;
				CLANG_WARN_NON_LITERAL_NULL_CONVERSION = YES;
				CLANG_WARN_OBJC_IMPLICIT_RETAIN_SELF = YES;
				CLANG_WARN_OBJC_LITERAL_CONVERSION = YES;
				CLANG_WARN_OBJC_ROOT_CLASS = YES_ERROR;
				CLANG_WARN_QUOTED_INCLUDE_IN_FRAMEWORK_HEADER = YES;
				CLANG_WARN_RANGE_LOOP_ANALYSIS = YES;
				CLANG_WARN_STRICT_PROTOTYPES = YES;
				CLANG_WARN_SUSPICIOUS_MOVE = YES;
				CLANG_WARN_UNGUARDED_AVAILABILITY = YES_AGGRESSIVE;
				CLANG_WARN_UNREACHABLE_CODE = YES;
				CLANG_WARN__DUPLICATE_METHOD_MATCH = YES;
				COPY_PHASE_STRIP = NO;
				DEBUG_INFORMATION_FORMAT = dwarf;
				ENABLE_STRICT_OBJC_MSGSEND = YES;
				ENABLE_TESTABILITY = YES;
				GCC_C_LANGUAGE_STANDARD = gnu11;
				GCC_DYNAMIC_NO_PIC = NO;
				GCC_NO_COMMON_BLOCKS = YES;
				GCC_OPTIMIZATION_LEVEL = 0;
				GCC_PREPROCESSOR_DEFINITIONS = (
					"DEBUG=1",
					"$(inherited)",
				);
				GCC_WARN_64_TO_32_BIT_CONVERSION = YES;
				GCC_WARN_ABOUT_RETURN_TYPE = YES_ERROR;
				GCC_WARN_UNDECLARED_SELECTOR = YES;
				GCC_WARN_UNINITIALIZED_AUTOS = YES_AGGRESSIVE;
				GCC_WARN_UNUSED_FUNCTION = YES;
				GCC_WARN_UNUSED_VARIABLE = YES;
				IPHONEOS_DEPLOYMENT_TARGET = 15.0;
				MTL_ENABLE_DEBUG_INFO = INCLUDE_SOURCE;
				MTL_FAST_MATH = YES;
				ONLY_ACTIVE_ARCH = YES;
				SDKROOT = iphoneos;
			};
			name = Debug;
		};
		E32B814C2769840700BB6667 /* Release */ = {
			isa = XCBuildConfiguration;
			buildSettings = {
				ALWAYS_SEARCH_USER_PATHS = NO;
				CLANG_ANALYZER_NONNULL = YES;
				CLANG_ANALYZER_NUMBER_OBJECT_CONVERSION = YES_AGGRESSIVE;
				CLANG_CXX_LANGUAGE_STANDARD = "gnu++17";
				CLANG_CXX_LIBRARY = "libc++";
				CLANG_ENABLE_MODULES = YES;
				CLANG_ENABLE_OBJC_ARC = YES;
				CLANG_ENABLE_OBJC_WEAK = YES;
				CLANG_WARN_BLOCK_CAPTURE_AUTORELEASING = YES;
				CLANG_WARN_BOOL_CONVERSION = YES;
				CLANG_WARN_COMMA = YES;
				CLANG_WARN_CONSTANT_CONVERSION = YES;
				CLANG_WARN_DEPRECATED_OBJC_IMPLEMENTATIONS = YES;
				CLANG_WARN_DIRECT_OBJC_ISA_USAGE = YES_ERROR;
				CLANG_WARN_DOCUMENTATION_COMMENTS = YES;
				CLANG_WARN_EMPTY_BODY = YES;
				CLANG_WARN_ENUM_CONVERSION = YES;
				CLANG_WARN_INFINITE_RECURSION = YES;
				CLANG_WARN_INT_CONVERSION = YES;
				CLANG_WARN_NON_LITERAL_NULL_CONVERSION = YES;
				CLANG_WARN_OBJC_IMPLICIT_RETAIN_SELF = YES;
				CLANG_WARN_OBJC_LITERAL_CONVERSION = YES;
				CLANG_WARN_OBJC_ROOT_CLASS = YES_ERROR;
				CLANG_WARN_QUOTED_INCLUDE_IN_FRAMEWORK_HEADER = YES;
				CLANG_WARN_RANGE_LOOP_ANALYSIS = YES;
				CLANG_WARN_STRICT_PROTOTYPES = YES;
				CLANG_WARN_SUSPICIOUS_MOVE = YES;
				CLANG_WARN_UNGUARDED_AVAILABILITY = YES_AGGRESSIVE;
				CLANG_WARN_UNREACHABLE_CODE = YES;
				CLANG_WARN__DUPLICATE_METHOD_MATCH = YES;
				COPY_PHASE_STRIP = NO;
				DEBUG_INFORMATION_FORMAT = "dwarf-with-dsym";
				ENABLE_NS_ASSERTIONS = NO;
				ENABLE_STRICT_OBJC_MSGSEND = YES;
				GCC_C_LANGUAGE_STANDARD = gnu11;
				GCC_NO_COMMON_BLOCKS = YES;
				GCC_WARN_64_TO_32_BIT_CONVERSION = YES;
				GCC_WARN_ABOUT_RETURN_TYPE = YES_ERROR;
				GCC_WARN_UNDECLARED_SELECTOR = YES;
				GCC_WARN_UNINITIALIZED_AUTOS = YES_AGGRESSIVE;
				GCC_WARN_UNUSED_FUNCTION = YES;
				GCC_WARN_UNUSED_VARIABLE = YES;
				IPHONEOS_DEPLOYMENT_TARGET = 15.0;
				MTL_ENABLE_DEBUG_INFO = NO;
				MTL_FAST_MATH = YES;
				SDKROOT = iphoneos;
				VALIDATE_PRODUCT = YES;
			};
			name = Release;
		};
		E32B814E2769840700BB6667 /* Debug */ = {
			isa = XCBuildConfiguration;
			buildSettings = {
				ASSETCATALOG_COMPILER_APPICON_NAME = AppIcon;
				ASSETCATALOG_COMPILER_GLOBAL_ACCENT_COLOR_NAME = AccentColor;
				CODE_SIGN_ENTITLEMENTS = sdkAutoTest/sdkAutoTest.entitlements;
				CODE_SIGN_STYLE = Automatic;
				CURRENT_PROJECT_VERSION = 1;
				GENERATE_INFOPLIST_FILE = YES;
				INFOPLIST_FILE = sdkAutoTest/Info.plist;
				INFOPLIST_KEY_UIApplicationSupportsIndirectInputEvents = YES;
				INFOPLIST_KEY_UILaunchStoryboardName = LaunchScreen;
				INFOPLIST_KEY_UIMainStoryboardFile = Main;
				INFOPLIST_KEY_UISupportedInterfaceOrientations_iPad = "UIInterfaceOrientationPortrait UIInterfaceOrientationPortraitUpsideDown UIInterfaceOrientationLandscapeLeft UIInterfaceOrientationLandscapeRight";
				INFOPLIST_KEY_UISupportedInterfaceOrientations_iPhone = "UIInterfaceOrientationPortrait UIInterfaceOrientationLandscapeLeft UIInterfaceOrientationLandscapeRight";
				LD_RUNPATH_SEARCH_PATHS = (
					"$(inherited)",
					"@executable_path/Frameworks",
				);
				LIBRARY_SEARCH_PATHS = (
					"$(inherited)",
					"$(PROJECT_DIR)/sdkAutoTest/Lib",
				);
				MARKETING_VERSION = 1.0;
				PRODUCT_BUNDLE_IDENTIFIER = mumu.sdkAutoTest;
				PRODUCT_NAME = "$(TARGET_NAME)";
				SUPPORTS_MACCATALYST = NO;
				SUPPORTS_MAC_DESIGNED_FOR_IPHONE_IPAD = NO;
				SWIFT_EMIT_LOC_STRINGS = YES;
				TARGETED_DEVICE_FAMILY = "1,2";
			};
			name = Debug;
		};
		E32B814F2769840700BB6667 /* Release */ = {
			isa = XCBuildConfiguration;
			buildSettings = {
				ASSETCATALOG_COMPILER_APPICON_NAME = AppIcon;
				ASSETCATALOG_COMPILER_GLOBAL_ACCENT_COLOR_NAME = AccentColor;
				CODE_SIGN_ENTITLEMENTS = sdkAutoTest/sdkAutoTest.entitlements;
				CODE_SIGN_STYLE = Automatic;
				CURRENT_PROJECT_VERSION = 1;
				GENERATE_INFOPLIST_FILE = YES;
				INFOPLIST_FILE = sdkAutoTest/Info.plist;
				INFOPLIST_KEY_UIApplicationSupportsIndirectInputEvents = YES;
				INFOPLIST_KEY_UILaunchStoryboardName = LaunchScreen;
				INFOPLIST_KEY_UIMainStoryboardFile = Main;
				INFOPLIST_KEY_UISupportedInterfaceOrientations_iPad = "UIInterfaceOrientationPortrait UIInterfaceOrientationPortraitUpsideDown UIInterfaceOrientationLandscapeLeft UIInterfaceOrientationLandscapeRight";
				INFOPLIST_KEY_UISupportedInterfaceOrientations_iPhone = "UIInterfaceOrientationPortrait UIInterfaceOrientationLandscapeLeft UIInterfaceOrientationLandscapeRight";
				LD_RUNPATH_SEARCH_PATHS = (
					"$(inherited)",
					"@executable_path/Frameworks",
				);
				LIBRARY_SEARCH_PATHS = (
					"$(inherited)",
					"$(PROJECT_DIR)/sdkAutoTest/Lib",
				);
				MARKETING_VERSION = 1.0;
				PRODUCT_BUNDLE_IDENTIFIER = mumu.sdkAutoTest;
				PRODUCT_NAME = "$(TARGET_NAME)";
				SUPPORTS_MACCATALYST = NO;
				SUPPORTS_MAC_DESIGNED_FOR_IPHONE_IPAD = NO;
				SWIFT_EMIT_LOC_STRINGS = YES;
				TARGETED_DEVICE_FAMILY = "1,2";
			};
			name = Release;
		};
		E32B81652769852600BB6667 /* Debug */ = {
			isa = XCBuildConfiguration;
			buildSettings = {
				BUNDLE_LOADER = "$(TEST_HOST)";
				CODE_SIGN_STYLE = Automatic;
				CURRENT_PROJECT_VERSION = 1;
				GENERATE_INFOPLIST_FILE = YES;
				LD_RUNPATH_SEARCH_PATHS = (
					"$(inherited)",
					"@executable_path/Frameworks",
					"@loader_path/Frameworks",
				);
				LIBRARY_SEARCH_PATHS = (
					"$(inherited)",
					"$(PROJECT_DIR)/sdkAutoTest/Lib",
				);
				MARKETING_VERSION = 1.0;
				PRODUCT_BUNDLE_IDENTIFIER = mumu.sdkAutoTests;
				PRODUCT_NAME = "$(TARGET_NAME)";
				SWIFT_EMIT_LOC_STRINGS = NO;
				TARGETED_DEVICE_FAMILY = "1,2";
				TEST_HOST = "$(BUILT_PRODUCTS_DIR)/sdkAutoTest.app/sdkAutoTest";
			};
			name = Debug;
		};
		E32B81662769852600BB6667 /* Release */ = {
			isa = XCBuildConfiguration;
			buildSettings = {
				BUNDLE_LOADER = "$(TEST_HOST)";
				CODE_SIGN_STYLE = Automatic;
				CURRENT_PROJECT_VERSION = 1;
				GENERATE_INFOPLIST_FILE = YES;
				LD_RUNPATH_SEARCH_PATHS = (
					"$(inherited)",
					"@executable_path/Frameworks",
					"@loader_path/Frameworks",
				);
				LIBRARY_SEARCH_PATHS = (
					"$(inherited)",
					"$(PROJECT_DIR)/sdkAutoTest/Lib",
				);
				MARKETING_VERSION = 1.0;
				PRODUCT_BUNDLE_IDENTIFIER = mumu.sdkAutoTests;
				PRODUCT_NAME = "$(TARGET_NAME)";
				SWIFT_EMIT_LOC_STRINGS = NO;
				TARGETED_DEVICE_FAMILY = "1,2";
				TEST_HOST = "$(BUILT_PRODUCTS_DIR)/sdkAutoTest.app/sdkAutoTest";
			};
			name = Release;
		};
/* End XCBuildConfiguration section */

/* Begin XCConfigurationList section */
		E32B812F2769840200BB6667 /* Build configuration list for PBXProject "sdkAutoTest" */ = {
			isa = XCConfigurationList;
			buildConfigurations = (
				E32B814B2769840700BB6667 /* Debug */,
				E32B814C2769840700BB6667 /* Release */,
			);
			defaultConfigurationIsVisible = 0;
			defaultConfigurationName = Release;
		};
		E32B814D2769840700BB6667 /* Build configuration list for PBXNativeTarget "sdkAutoTest" */ = {
			isa = XCConfigurationList;
			buildConfigurations = (
				E32B814E2769840700BB6667 /* Debug */,
				E32B814F2769840700BB6667 /* Release */,
			);
			defaultConfigurationIsVisible = 0;
			defaultConfigurationName = Release;
		};
		E32B81642769852600BB6667 /* Build configuration list for PBXNativeTarget "sdkAutoTests" */ = {
			isa = XCConfigurationList;
			buildConfigurations = (
				E32B81652769852600BB6667 /* Debug */,
				E32B81662769852600BB6667 /* Release */,
			);
			defaultConfigurationIsVisible = 0;
			defaultConfigurationName = Release;
		};
/* End XCConfigurationList section */
	};
	rootObject = E32B812C2769840200BB6667 /* Project object */;
}
